
Microsoft Visual Studio Solution File, Format Version 12.00
# Visual Studio Version 17
VisualStudioVersion = 17.4.33213.308
MinimumVisualStudioVersion = 10.0.40219.1
Project("{FAE04EC0-301F-11D3-BF4B-00C04F79EFBC}") = "CopyFileSampleTask", "CopyFileSampleTask.csproj", "{0DBFC748-FCA7-4038-9088-2D4478043B21}"
EndProject
Global
	GlobalSection(SolutionConfigurationPlatforms) = preSolution
		Debug|Any CPU = Debug|Any CPU
		Release|Any CPU = Release|Any CPU
	EndGlobalSection
	GlobalSection(ProjectConfigurationPlatforms) = postSolution
		{0DBFC748-FCA7-4038-9088-2D4478043B21}.Debug|Any CPU.ActiveCfg = Debug|Any CPU
		{0DBFC748-FCA7-4038-9088-2D4478043B21}.Debug|Any CPU.Build.0 = Debug|Any CPU
		{0DBFC748-FCA7-4038-9088-2D4478043B21}.Release|Any CPU.ActiveCfg = Release|Any CPU
		{0DBFC748-FCA7-4038-9088-2D4478043B21}.Release|Any CPU.Build.0 = Release|Any CPU
	EndGlobalSection
	GlobalSection(SolutionProperties) = preSolution
		HideSolutionNode = FALSE
	EndGlobalSection
	GlobalSection(ExtensibilityGlobals) = postSolution
		SolutionGuid = {2F754D6F-047E-4A61-8FDB-396FAC8B23B4}
	EndGlobalSection
EndGlobal
